
Microsoft Visual Studio Solution File, Format Version 12.00
# Visual Studio Version 17
VisualStudioVersion = 17.5.33424.131
MinimumVisualStudioVersion = 10.0.40219.1
Project("{FAE04EC0-301F-11D3-BF4B-00C04F79EFBC}") = "IEnumerable_Interface2", "IEnumerable_Interface2\IEnumerable_Interface2.csproj", "{82662FFD-8843-4136-9F9E-282F4C9ACA47}"
EndProject
Global
	GlobalSection(SolutionConfigurationPlatforms) = preSolution
		Debug|Any CPU = Debug|Any CPU
		Release|Any CPU = Release|Any CPU
	EndGlobalSection
	GlobalSection(ProjectConfigurationPlatforms) = postSolution
		{82662FFD-8843-4136-9F9E-282F4C9ACA47}.Debug|Any CPU.ActiveCfg = Debug|Any CPU
		{82662FFD-8843-4136-9F9E-282F4C9ACA47}.Debug|Any CPU.Build.0 = Debug|Any CPU
		{82662FFD-8843-4136-9F9E-282F4C9ACA47}.Release|Any CPU.ActiveCfg = Release|Any CPU
		{82662FFD-8843-4136-9F9E-282F4C9ACA47}.Release|Any CPU.Build.0 = Release|Any CPU
	EndGlobalSection
	GlobalSection(SolutionProperties) = preSolution
		HideSolutionNode = FALSE
	EndGlobalSection
	GlobalSection(ExtensibilityGlobals) = postSolution
		SolutionGuid = {7AD2D6B7-E273-4D97-BDF0-D4B53B4CF444}
	EndGlobalSection
EndGlobal
