
Microsoft Visual Studio Solution File, Format Version 12.00
# Visual Studio Version 17
VisualStudioVersion = 17.5.33424.131
MinimumVisualStudioVersion = 10.0.40219.1
Project("{FAE04EC0-301F-11D3-BF4B-00C04F79EFBC}") = "InheritanceExample", "InheritanceExample\InheritanceExample.csproj", "{380C2986-344B-4B10-9DB2-C04FFFD7369B}"
EndProject
Global
	GlobalSection(SolutionConfigurationPlatforms) = preSolution
		Debug|Any CPU = Debug|Any CPU
		Release|Any CPU = Release|Any CPU
	EndGlobalSection
	GlobalSection(ProjectConfigurationPlatforms) = postSolution
		{380C2986-344B-4B10-9DB2-C04FFFD7369B}.Debug|Any CPU.ActiveCfg = Debug|Any CPU
		{380C2986-344B-4B10-9DB2-C04FFFD7369B}.Debug|Any CPU.Build.0 = Debug|Any CPU
		{380C2986-344B-4B10-9DB2-C04FFFD7369B}.Release|Any CPU.ActiveCfg = Release|Any CPU
		{380C2986-344B-4B10-9DB2-C04FFFD7369B}.Release|Any CPU.Build.0 = Release|Any CPU
	EndGlobalSection
	GlobalSection(SolutionProperties) = preSolution
		HideSolutionNode = FALSE
	EndGlobalSection
	GlobalSection(ExtensibilityGlobals) = postSolution
		SolutionGuid = {7CF4BDB6-C848-4F1B-A048-86485EA52C6F}
	EndGlobalSection
EndGlobal
